github.com/cespare/xxhash/v2 v2.3.0 h1:UL815xU9SqsFlibzuggzjXhog7bL6oX9BbNZnL2UFvs=
github.com/cespare/xxhash/v2 v2.3.0/go.mod h1:VGX0DQ3Q6kWi7AoAeZDth3/j3BFtOZR5XLFGgcrjCOs=
github.com/davecgh/go-spew v1.1.2-0.20180830191138-d8f796af33cc h1:U9qPSI2PIWSS1VwoXQT9A3Wy9MM3WgvqSxFWenqJduM=
github.com/davecgh/go-spew v1.1.2-0.20180830191138-d8f796af33cc/go.mod h1:J7Y8YcW2NihsgmVo/mv3lAwl/skON4iLHjSsI+c5H38=
github.com/domainry/domainry-foundation v0.1.0 h1:3QEfkVSrLUHvDztuGp6SfxVqwoQ62KeLApbRF0disX0=
github.com/domainry/domainry-foundation v0.1.0/go.mod h1:Gy+KTlqbubYK5bK005y0DBwm04LP8Kpx+n7/P6QGjjY=
github.com/domainry/domainry-identity-sdk v0.1.8 h1:M5DsxX1r7VPVQcS/xZL7E03Q+M0LWZoEjX9D/+iR0Sk=
github.com/domainry/domainry-identity-sdk v0.1.8/go.mod h1:prM16qfIe2erOmS/t6h2sNPzVhUGy1T82cSR0+7Nvdg=
github.com/domainry/domainry-lifecycle-sdk v0.1.9 h1:BPksj2roLA66BbFnonBGxM3vDfsHYviqxLb2MJ/9I+0=
github.com/domainry/domainry-lifecycle-sdk v0.1.9/go.mod h1:fRFRPcyQWD8hm0u9CH3vpn40EblOKuAodk2XCWCM8G4=
github.com/domainry/domainry-orm v0.1.30 h1:5QOtG2qRzV1PhiioS2aKfCoEt9ab3OBucwicHAn/5HQ=
github.com/domainry/domainry-orm v0.1.30/go.mod h1:gB/ooN737tsBYHbeHqCpngEprvdvZKp0Zygtzv+IPJY=
github.com/domainry/domainry-report-sdk v0.1.8 h1:cmOwJg25b0O1dYdOmguypLGa9FM3hPpXJ8fE4Jfsw6s=
github.com/domainry/domainry-report-sdk v0.1.8/go.mod h1:ZR1Ck+r6awqkoHSbaaTma4L2ZlVsoYuGpEc0bqozNpU=
github.com/domainry/domainry-todo v0.1.1 h1:si2hIzSLLq6oYrAMRwOKFTtf+cWqWZt5K/rSl7/D5U8=
github.com/domainry/domainry-todo v0.1.1/go.mod h1:qDLKYw9HJvNOZmkzc8vn46P8Zkayyw9A3DcV/17gXcc=
github.com/domainry/domainry-tools-sdk v0.1.1 h1:GbzJXe+VtyJSwpyb3TfsdwgNpj74b76/IDLRBIfxDyo=
github.com/domainry/domainry-tools-sdk v0.1.1/go.mod h1:41IRoC2xhp8FiOsHb94+Pk+UWA+WxrGOCcTvNIILy+g=
github.com/google/go-cmp v0.7.0 h1:wk8382ETsv4JYUZwIsn6YpYiWiBsYLSJiTsyBybVuN8=
github.com/google/go-cmp v0.7.0/go.mod h1:pXiqmnSA92OHEEa9HXL2W4E7lf9JzCmGVUdgjX3N/iU=
github.com/pmezard/go-difflib v1.0.1-0.20181226105442-5d4384ee4fb2 h1:Jamvg5psRIccs7FGNTlIRMkT8wgtp5eCXdBlqhYGL6U=
github.com/pmezard/go-difflib v1.0.1-0.20181226105442-5d4384ee4fb2/go.mod h1:iKH77koFhYxTK1pcRnkKkqfTogsbg7gZNVY4sRDYZ/4=
github.com/santhosh-tekuri/jsonschema/v6 v6.0.3 h1:1EYB5IzjZawrrnELUi78f9fPu57HuXjmddZPjrls/28=
github.com/santhosh-tekuri/jsonschema/v6 v6.0.3/go.mod h1:JXeL+ps8p7/KNMjDQk3TCwPpBy0wYklyWTfbkIzdIFU=
github.com/stretchr/testify v1.11.1 h1:7s2iGBzp5EwR7/aIZr8ao5+dra3wiQyKjjFuvgVKu7U=
github.com/stretchr/testify v1.11.1/go.mod h1:wZwfW3scLgRK+23gO65QZefKpKQRnfz6sD981Nm4B6U=
go.opentelemetry.io/otel v1.44.0 h1:JjwHmHpA4iZ3wBxluu2fbbE7j4kqlE8jXyAyPXH7HqU=
go.opentelemetry.io/otel v1.44.0/go.mod h1:BMgjTHL9WPRlRjL2oZCBTL4whCGtXch2H4BhOPIAyYc=
go.opentelemetry.io/otel/trace v1.44.0 h1:jxF5CsGYCe74MCRx2X4g7WsY/VBKRqqpNvXlX/6gtIk=
go.opentelemetry.io/otel/trace v1.44.0/go.mod h1:oLl1jrMQAVo6v3GAggN+1VH9VIz9iUSvW53sW1Q8PIE=
golang.org/x/text v0.41.0 h1:vz/seA0lnX87Othu2f/0L24RcgrXD9/YFTSuGjj3rH8=
golang.org/x/text v0.41.0/go.mod h1:jvf1O8ajNzZqhSrQBPbutR/EB83Cc0CFrezNQIwbb5M=
gopkg.in/yaml.v3 v3.0.1 h1:fxVm/GzAzEWqLHuvctI91KS9hhNmmWOoWu0XTYJS7CA=
gopkg.in/yaml.v3 v3.0.1/go.mod h1:K4uyk7z7BCEPqu6E+C64Yfv1cQ7kz7rIZviUmN+EgEM=
