github.com/domainry/domainry-foundation v0.1.0 h1:3QEfkVSrLUHvDztuGp6SfxVqwoQ62KeLApbRF0disX0=
github.com/domainry/domainry-foundation v0.1.0/go.mod h1:Gy+KTlqbubYK5bK005y0DBwm04LP8Kpx+n7/P6QGjjY=
github.com/domainry/domainry-identity-sdk v0.1.5 h1:Gx1jX06cK0ROMjFpvFxS0wCubQOiU8NPC8JaEF0nZxA=
github.com/domainry/domainry-identity-sdk v0.1.5/go.mod h1:AXO7DFeWPQvbEx+s/Z2vsw/GrQs8eAaa0nziFIDh3q4=
github.com/domainry/domainry-lifecycle-sdk v0.1.8 h1:67cnb3oXLWpyP8Egd8x4bbvMlMsjSP4eNLx1TmlIrZM=
github.com/domainry/domainry-lifecycle-sdk v0.1.8/go.mod h1:fRFRPcyQWD8hm0u9CH3vpn40EblOKuAodk2XCWCM8G4=
github.com/domainry/domainry-orm v0.1.30 h1:5QOtG2qRzV1PhiioS2aKfCoEt9ab3OBucwicHAn/5HQ=
github.com/domainry/domainry-orm v0.1.30/go.mod h1:gB/ooN737tsBYHbeHqCpngEprvdvZKp0Zygtzv+IPJY=
github.com/domainry/domainry-report-sdk v0.1.7 h1:PUfl5EuemAUp4BiFWUfHRl2CwFBvTHTTkLnDJzUv9mQ=
github.com/domainry/domainry-report-sdk v0.1.7/go.mod h1:ZR1Ck+r6awqkoHSbaaTma4L2ZlVsoYuGpEc0bqozNpU=
github.com/domainry/domainry-todo v0.1.0 h1:2PNKrZvcZXOR39Ccu01WUxG+p/pDJqF03udOcHWqqX8=
github.com/domainry/domainry-todo v0.1.0/go.mod h1:vt0vf8XUjUOq6t0P78SaOhUZqkHAr04fu0iQ02vY5ps=
github.com/domainry/domainry-tools-sdk v0.1.0 h1:4BCL2H0VzDUEpBtVqHiswJCkdiBFMTR/go+jLmEdw50=
github.com/domainry/domainry-tools-sdk v0.1.0/go.mod h1:41IRoC2xhp8FiOsHb94+Pk+UWA+WxrGOCcTvNIILy+g=
